
Microsoft Visual Studio Solution File, Format Version 12.00
# Visual Studio 15
VisualStudioVersion = 15.0.26009.0
MinimumVisualStudioVersion = 10.0.40219.1
Project("{E53339B2-1760-4266-BCC7-CA923CBCF16C}") = "DockerComposeSample", "DockerComposeSample.dcproj", "{C9580D90-F16A-4B0B-B3AD-D7704A9D98F5}"
EndProject
Project("{2150E333-8FDC-42A3-9474-1A3956D46DE8}") = "src", "src", "{E7C83DAB-AA72-409B-924C-4880271CF37F}"
EndProject
Project("{FAE04EC0-301F-11D3-BF4B-00C04F79EFBC}") = "WebApp", "src\WebApp\WebApp.csproj", "{3DE6BF01-9462-4ACE-9B64-AE755DF47BFD}"
EndProject
Project("{FAE04EC0-301F-11D3-BF4B-00C04F79EFBC}") = "WebApi", "src\WebApi\WebApi.csproj", "{6B7A61DD-3734-4960-9661-BF48AF22DFEB}"
EndProject
Project("{2150E333-8FDC-42A3-9474-1A3956D46DE8}") = "Solution Items", "Solution Items", "{C1203410-86D4-4E25-9765-53569896966F}"
	ProjectSection(SolutionItems) = preProject
		docker-compose.ci.build.yml = docker-compose.ci.build.yml
	EndProjectSection
EndProject
Global
	GlobalSection(SolutionConfigurationPlatforms) = preSolution
		Debug|Any CPU = Debug|Any CPU
		Release|Any CPU = Release|Any CPU
	EndGlobalSection
	GlobalSection(ProjectConfigurationPlatforms) = postSolution
		{C9580D90-F16A-4B0B-B3AD-D7704A9D98F5}.Debug|Any CPU.ActiveCfg = Debug|Any CPU
		{C9580D90-F16A-4B0B-B3AD-D7704A9D98F5}.Debug|Any CPU.Build.0 = Debug|Any CPU
		{C9580D90-F16A-4B0B-B3AD-D7704A9D98F5}.Release|Any CPU.ActiveCfg = Release|Any CPU
		{C9580D90-F16A-4B0B-B3AD-D7704A9D98F5}.Release|Any CPU.Build.0 = Release|Any CPU
		{3DE6BF01-9462-4ACE-9B64-AE755DF47BFD}.Debug|Any CPU.ActiveCfg = Debug|Any CPU
		{3DE6BF01-9462-4ACE-9B64-AE755DF47BFD}.Debug|Any CPU.Build.0 = Debug|Any CPU
		{3DE6BF01-9462-4ACE-9B64-AE755DF47BFD}.Release|Any CPU.ActiveCfg = Release|Any CPU
		{3DE6BF01-9462-4ACE-9B64-AE755DF47BFD}.Release|Any CPU.Build.0 = Release|Any CPU
		{6B7A61DD-3734-4960-9661-BF48AF22DFEB}.Debug|Any CPU.ActiveCfg = Debug|Any CPU
		{6B7A61DD-3734-4960-9661-BF48AF22DFEB}.Debug|Any CPU.Build.0 = Debug|Any CPU
		{6B7A61DD-3734-4960-9661-BF48AF22DFEB}.Release|Any CPU.ActiveCfg = Release|Any CPU
		{6B7A61DD-3734-4960-9661-BF48AF22DFEB}.Release|Any CPU.Build.0 = Release|Any CPU
	EndGlobalSection
	GlobalSection(SolutionProperties) = preSolution
		HideSolutionNode = FALSE
	EndGlobalSection
	GlobalSection(NestedProjects) = preSolution
		{3DE6BF01-9462-4ACE-9B64-AE755DF47BFD} = {E7C83DAB-AA72-409B-924C-4880271CF37F}
		{6B7A61DD-3734-4960-9661-BF48AF22DFEB} = {E7C83DAB-AA72-409B-924C-4880271CF37F}
	EndGlobalSection
EndGlobal
